PODS:
  - RepresentationKit (2.3.1)

DEPENDENCIES:
  - RepresentationKit (from `../`)

EXTERNAL SOURCES:
  RepresentationKit:
    :path: "../"

SPEC CHECKSUMS:
  RepresentationKit: 5464e6bac0c280d5a7a91388b84f2e7d1953f5f6

PODFILE CHECKSUM: 0a735de6cbeeb77efd4ee2fa9c557436c8e9be9b

COCOAPODS: 1.5.3
